
Microsoft Visual Studio Solution File, Format Version 12.00
# Visual Studio Version 16
VisualStudioVersion = 16.0.29326.143
MinimumVisualStudioVersion = 10.0.40219.1
Project("{FAE04EC0-301F-11D3-BF4B-00C04F79EFBC}") = "EFGetStarted", "EFGetStarted\EFGetStarted.csproj", "{B859A7F4-7804-4837-BCED-B371A9E483CB}"
EndProject
Global
	GlobalSection(SolutionConfigurationPlatforms) = preSolution
		Debug|Any CPU = Debug|Any CPU
		Release|Any CPU = Release|Any CPU
	EndGlobalSection
	GlobalSection(ProjectConfigurationPlatforms) = postSolution
		{B859A7F4-7804-4837-BCED-B371A9E483CB}.Debug|Any CPU.ActiveCfg = Debug|Any CPU
		{B859A7F4-7804-4837-BCED-B371A9E483CB}.Debug|Any CPU.Build.0 = Debug|Any CPU
		{B859A7F4-7804-4837-BCED-B371A9E483CB}.Release|Any CPU.ActiveCfg = Release|Any CPU
		{B859A7F4-7804-4837-BCED-B371A9E483CB}.Release|Any CPU.Build.0 = Release|Any CPU
	EndGlobalSection
	GlobalSection(SolutionProperties) = preSolution
		HideSolutionNode = FALSE
	EndGlobalSection
	GlobalSection(ExtensibilityGlobals) = postSolution
		SolutionGuid = {91B91115-6074-4165-BA7C-DA19DD7E0DE4}
	EndGlobalSection
EndGlobal
